
Microsoft Visual Studio Solution File, Format Version 12.00
# Visual Studio 14
VisualStudioVersion = 14.0.25420.1
MinimumVisualStudioVersion = 10.0.40219.1
Project("{888888A0-9F3D-457C-B088-3A5042F75D52}") = "calculator_console_REGEX_BASED", "PythonApplication\calculator_console_REGEX_BASED.pyproj", "{93EA14E5-C947-41C2-A41F-6BA38726503A}"
EndProject
Global
	GlobalSection(SolutionConfigurationPlatforms) = preSolution
		Debug|Any CPU = Debug|Any CPU
		Release|Any CPU = Release|Any CPU
	EndGlobalSection
	GlobalSection(ProjectConfigurationPlatforms) = postSolution
		{93EA14E5-C947-41C2-A41F-6BA38726503A}.Debug|Any CPU.ActiveCfg = Debug|Any CPU
		{93EA14E5-C947-41C2-A41F-6BA38726503A}.Release|Any CPU.ActiveCfg = Release|Any CPU
	EndGlobalSection
	GlobalSection(SolutionProperties) = preSolution
		HideSolutionNode = FALSE
	EndGlobalSection
EndGlobal
